
Microsoft Visual Studio Solution File, Format Version 12.00
# Visual Studio Version 17
VisualStudioVersion = 17.9.34622.214
MinimumVisualStudioVersion = 10.0.40219.1
Project("{9A19103F-16F7-4668-BE54-9A1E7A4F7556}") = "EISGG20241103", "EISGG20241103\EISGG20241103.csproj", "{B04876B8-020E-428D-835B-E89CEDF24778}"
EndProject
Project("{FAE04EC0-301F-11D3-BF4B-00C04F79EFBC}") = "EISGG20241103.EntidadesDeNegocio", "EISGG20241103.EntidadesDeNegocio\EISGG20241103.EntidadesDeNegocio.csproj", "{6C3D64DE-3205-4526-A917-FD33DC25C5C0}"
EndProject
Project("{FAE04EC0-301F-11D3-BF4B-00C04F79EFBC}") = "EISGG20241103.AccesoADatos", "EISGG20241103.AccesoADatos\EISGG20241103.AccesoADatos.csproj", "{D84EBE4A-6368-411E-AF4C-8BDA2DAF4F1C}"
EndProject
Project("{FAE04EC0-301F-11D3-BF4B-00C04F79EFBC}") = "EISGG20241103.LogicaDeNegocios", "EISGG20241103.LogicaDeNegocios\EISGG20241103.LogicaDeNegocios.csproj", "{2F394AA2-55B5-4B32-946A-934671EF304B}"
EndProject
Global
	GlobalSection(SolutionConfigurationPlatforms) = preSolution
		Debug|Any CPU = Debug|Any CPU
		Release|Any CPU = Release|Any CPU
	EndGlobalSection
	GlobalSection(ProjectConfigurationPlatforms) = postSolution
		{B04876B8-020E-428D-835B-E89CEDF24778}.Debug|Any CPU.ActiveCfg = Debug|Any CPU
		{B04876B8-020E-428D-835B-E89CEDF24778}.Debug|Any CPU.Build.0 = Debug|Any CPU
		{B04876B8-020E-428D-835B-E89CEDF24778}.Release|Any CPU.ActiveCfg = Release|Any CPU
		{B04876B8-020E-428D-835B-E89CEDF24778}.Release|Any CPU.Build.0 = Release|Any CPU
		{6C3D64DE-3205-4526-A917-FD33DC25C5C0}.Debug|Any CPU.ActiveCfg = Debug|Any CPU
		{6C3D64DE-3205-4526-A917-FD33DC25C5C0}.Debug|Any CPU.Build.0 = Debug|Any CPU
		{6C3D64DE-3205-4526-A917-FD33DC25C5C0}.Release|Any CPU.ActiveCfg = Release|Any CPU
		{6C3D64DE-3205-4526-A917-FD33DC25C5C0}.Release|Any CPU.Build.0 = Release|Any CPU
		{D84EBE4A-6368-411E-AF4C-8BDA2DAF4F1C}.Debug|Any CPU.ActiveCfg = Debug|Any CPU
		{D84EBE4A-6368-411E-AF4C-8BDA2DAF4F1C}.Debug|Any CPU.Build.0 = Debug|Any CPU
		{D84EBE4A-6368-411E-AF4C-8BDA2DAF4F1C}.Release|Any CPU.ActiveCfg = Release|Any CPU
		{D84EBE4A-6368-411E-AF4C-8BDA2DAF4F1C}.Release|Any CPU.Build.0 = Release|Any CPU
		{2F394AA2-55B5-4B32-946A-934671EF304B}.Debug|Any CPU.ActiveCfg = Debug|Any CPU
		{2F394AA2-55B5-4B32-946A-934671EF304B}.Debug|Any CPU.Build.0 = Debug|Any CPU
		{2F394AA2-55B5-4B32-946A-934671EF304B}.Release|Any CPU.ActiveCfg = Release|Any CPU
		{2F394AA2-55B5-4B32-946A-934671EF304B}.Release|Any CPU.Build.0 = Release|Any CPU
	EndGlobalSection
	GlobalSection(SolutionProperties) = preSolution
		HideSolutionNode = FALSE
	EndGlobalSection
	GlobalSection(ExtensibilityGlobals) = postSolution
		SolutionGuid = {11A01193-E208-4E30-B543-9C008E9D7D6C}
	EndGlobalSection
EndGlobal
